
Microsoft Visual Studio Solution File, Format Version 12.00
# Visual Studio Version 17
VisualStudioVersion = 17.0.31903.59
MinimumVisualStudioVersion = 10.0.40219.1
Project("{2150E333-8FDC-42A3-9474-1A3956D46DE8}") = "Solution Files", "Solution Files", "{E79ED7B6-0885-43D5-A449-67493F22512F}"
	ProjectSection(SolutionItems) = preProject
		.editorconfig = .editorconfig
		README.MD = README.MD
		umbraco-marketplace.json = umbraco-marketplace.json
	EndProjectSection
EndProject
Project("{9A19103F-16F7-4668-BE54-9A1E7A4F7556}") = "Our.Umbraco.Passless", "src\Our.Umbraco.Passless\Our.Umbraco.Passless.csproj", "{9869CCC0-510B-4204-B100-2519E3A0BC32}"
EndProject
Project("{9A19103F-16F7-4668-BE54-9A1E7A4F7556}") = "Our.Umbraco.Passless.TestSite-v10", "src\Our.Umbraco.Passless.TestSite-v10\Our.Umbraco.Passless.TestSite-v10.csproj", "{30D67CEF-D0FB-4D4E-A714-B7D24302F1E2}"
EndProject
Project("{9A19103F-16F7-4668-BE54-9A1E7A4F7556}") = "Our.Umbraco.Passless.TestSite-v11", "src\Our.Umbraco.Passless.TestSite-v11\Our.Umbraco.Passless.TestSite-v11.csproj", "{45142703-ED39-4361-8BE1-0263E9780CE7}"
EndProject
Project("{FAE04EC0-301F-11D3-BF4B-00C04F79EFBC}") = "Our.Umbraco.Passless.TestSite-v9", "src\Our.Umbraco.Passless.TestSite-v9\Our.Umbraco.Passless.TestSite-v9.csproj", "{541E7A98-9350-47DE-ADCF-DB9F573FAF12}"
EndProject
Global
	GlobalSection(SolutionConfigurationPlatforms) = preSolution
		Debug|Any CPU = Debug|Any CPU
		Release|Any CPU = Release|Any CPU
	EndGlobalSection
	GlobalSection(ProjectConfigurationPlatforms) = postSolution
		{9869CCC0-510B-4204-B100-2519E3A0BC32}.Debug|Any CPU.ActiveCfg = Debug|Any CPU
		{9869CCC0-510B-4204-B100-2519E3A0BC32}.Debug|Any CPU.Build.0 = Debug|Any CPU
		{9869CCC0-510B-4204-B100-2519E3A0BC32}.Release|Any CPU.ActiveCfg = Release|Any CPU
		{9869CCC0-510B-4204-B100-2519E3A0BC32}.Release|Any CPU.Build.0 = Release|Any CPU
		{30D67CEF-D0FB-4D4E-A714-B7D24302F1E2}.Debug|Any CPU.ActiveCfg = Debug|Any CPU
		{30D67CEF-D0FB-4D4E-A714-B7D24302F1E2}.Debug|Any CPU.Build.0 = Debug|Any CPU
		{30D67CEF-D0FB-4D4E-A714-B7D24302F1E2}.Release|Any CPU.ActiveCfg = Release|Any CPU
		{30D67CEF-D0FB-4D4E-A714-B7D24302F1E2}.Release|Any CPU.Build.0 = Release|Any CPU
		{45142703-ED39-4361-8BE1-0263E9780CE7}.Debug|Any CPU.ActiveCfg = Debug|Any CPU
		{45142703-ED39-4361-8BE1-0263E9780CE7}.Debug|Any CPU.Build.0 = Debug|Any CPU
		{45142703-ED39-4361-8BE1-0263E9780CE7}.Release|Any CPU.ActiveCfg = Release|Any CPU
		{45142703-ED39-4361-8BE1-0263E9780CE7}.Release|Any CPU.Build.0 = Release|Any CPU
		{541E7A98-9350-47DE-ADCF-DB9F573FAF12}.Debug|Any CPU.ActiveCfg = Debug|Any CPU
		{541E7A98-9350-47DE-ADCF-DB9F573FAF12}.Debug|Any CPU.Build.0 = Debug|Any CPU
		{541E7A98-9350-47DE-ADCF-DB9F573FAF12}.Release|Any CPU.ActiveCfg = Release|Any CPU
		{541E7A98-9350-47DE-ADCF-DB9F573FAF12}.Release|Any CPU.Build.0 = Release|Any CPU
	EndGlobalSection
	GlobalSection(SolutionProperties) = preSolution
		HideSolutionNode = FALSE
	EndGlobalSection
	GlobalSection(ExtensibilityGlobals) = postSolution
		SolutionGuid = {0C466485-191B-42C1-818C-8C17EB6B76D1}
	EndGlobalSection
EndGlobal
